
Microsoft Visual Studio Solution File, Format Version 12.00
# Visual Studio Version 17
VisualStudioVersion = 17.13.35806.99 d17.13
MinimumVisualStudioVersion = 10.0.40219.1
Project("{FAE04EC0-301F-11D3-BF4B-00C04F79EFBC}") = "SamuraiApp.Domain", "SamuraiApp.Domain\SamuraiApp.Domain.csproj", "{52B66DBF-CBA4-4D1F-A23B-A3534F1701FD}"
EndProject
Project("{FAE04EC0-301F-11D3-BF4B-00C04F79EFBC}") = "SamuraiApp.Data", "SamuraiApp.Data\SamuraiApp.Data.csproj", "{3213E6BB-AD05-4599-B648-0039F8A39A73}"
EndProject
Project("{FAE04EC0-301F-11D3-BF4B-00C04F79EFBC}") = "SamuraiApp.UI", "SamuraiApp.UI\SamuraiApp.UI.csproj", "{37D02D95-F4F9-4686-B129-27B0E81B16AB}"
EndProject
Global
	GlobalSection(SolutionConfigurationPlatforms) = preSolution
		Debug|Any CPU = Debug|Any CPU
		Release|Any CPU = Release|Any CPU
	EndGlobalSection
	GlobalSection(ProjectConfigurationPlatforms) = postSolution
		{52B66DBF-CBA4-4D1F-A23B-A3534F1701FD}.Debug|Any CPU.ActiveCfg = Debug|Any CPU
		{52B66DBF-CBA4-4D1F-A23B-A3534F1701FD}.Debug|Any CPU.Build.0 = Debug|Any CPU
		{52B66DBF-CBA4-4D1F-A23B-A3534F1701FD}.Release|Any CPU.ActiveCfg = Release|Any CPU
		{52B66DBF-CBA4-4D1F-A23B-A3534F1701FD}.Release|Any CPU.Build.0 = Release|Any CPU
		{3213E6BB-AD05-4599-B648-0039F8A39A73}.Debug|Any CPU.ActiveCfg = Debug|Any CPU
		{3213E6BB-AD05-4599-B648-0039F8A39A73}.Debug|Any CPU.Build.0 = Debug|Any CPU
		{3213E6BB-AD05-4599-B648-0039F8A39A73}.Release|Any CPU.ActiveCfg = Release|Any CPU
		{3213E6BB-AD05-4599-B648-0039F8A39A73}.Release|Any CPU.Build.0 = Release|Any CPU
		{37D02D95-F4F9-4686-B129-27B0E81B16AB}.Debug|Any CPU.ActiveCfg = Debug|Any CPU
		{37D02D95-F4F9-4686-B129-27B0E81B16AB}.Debug|Any CPU.Build.0 = Debug|Any CPU
		{37D02D95-F4F9-4686-B129-27B0E81B16AB}.Release|Any CPU.ActiveCfg = Release|Any CPU
		{37D02D95-F4F9-4686-B129-27B0E81B16AB}.Release|Any CPU.Build.0 = Release|Any CPU
	EndGlobalSection
	GlobalSection(SolutionProperties) = preSolution
		HideSolutionNode = FALSE
	EndGlobalSection
	GlobalSection(ExtensibilityGlobals) = postSolution
		SolutionGuid = {E986E5D3-A048-4421-B7BE-50DCFAA43E44}
	EndGlobalSection
EndGlobal
